
Microsoft Visual Studio Solution File, Format Version 12.00
# Visual Studio Version 17
VisualStudioVersion = 17.11.35312.102
MinimumVisualStudioVersion = 10.0.40219.1
Project("{9A19103F-16F7-4668-BE54-9A1E7A4F7556}") = "repetititvaricard1", "repetititvaricard1\repetititvaricard1.csproj", "{438F1956-D4E3-45D7-9FD4-523369290FBC}"
EndProject
Project("{FAE04EC0-301F-11D3-BF4B-00C04F79EFBC}") = "repetititvaricard2", "repetititvaricard2\repetititvaricard2.csproj", "{4C334A8C-F528-481D-9485-7A00798E7773}"
EndProject
Project("{FAE04EC0-301F-11D3-BF4B-00C04F79EFBC}") = "repetitivaricard3", "repetitivaricard3\repetitivaricard3.csproj", "{E311E141-3899-44CF-AEB0-F40803D83CD9}"
EndProject
Project("{FAE04EC0-301F-11D3-BF4B-00C04F79EFBC}") = "repetitivaricard9.10", "repetitivaricard9.10\repetitivaricard9.10.csproj", "{1D9F1BAE-3D08-49EA-8567-4FDB9B5A3169}"
EndProject
Project("{FAE04EC0-301F-11D3-BF4B-00C04F79EFBC}") = "repetitivaricard7", "repetitivaricard7\repetitivaricard7.csproj", "{BA9E8619-C217-479A-8C82-098EF7DF2FCA}"
EndProject
Global
	GlobalSection(SolutionConfigurationPlatforms) = preSolution
		Debug|Any CPU = Debug|Any CPU
		Release|Any CPU = Release|Any CPU
	EndGlobalSection
	GlobalSection(ProjectConfigurationPlatforms) = postSolution
		{438F1956-D4E3-45D7-9FD4-523369290FBC}.Debug|Any CPU.ActiveCfg = Debug|Any CPU
		{438F1956-D4E3-45D7-9FD4-523369290FBC}.Debug|Any CPU.Build.0 = Debug|Any CPU
		{438F1956-D4E3-45D7-9FD4-523369290FBC}.Release|Any CPU.ActiveCfg = Release|Any CPU
		{438F1956-D4E3-45D7-9FD4-523369290FBC}.Release|Any CPU.Build.0 = Release|Any CPU
		{4C334A8C-F528-481D-9485-7A00798E7773}.Debug|Any CPU.ActiveCfg = Debug|Any CPU
		{4C334A8C-F528-481D-9485-7A00798E7773}.Debug|Any CPU.Build.0 = Debug|Any CPU
		{4C334A8C-F528-481D-9485-7A00798E7773}.Release|Any CPU.ActiveCfg = Release|Any CPU
		{4C334A8C-F528-481D-9485-7A00798E7773}.Release|Any CPU.Build.0 = Release|Any CPU
		{E311E141-3899-44CF-AEB0-F40803D83CD9}.Debug|Any CPU.ActiveCfg = Debug|Any CPU
		{E311E141-3899-44CF-AEB0-F40803D83CD9}.Debug|Any CPU.Build.0 = Debug|Any CPU
		{E311E141-3899-44CF-AEB0-F40803D83CD9}.Release|Any CPU.ActiveCfg = Release|Any CPU
		{E311E141-3899-44CF-AEB0-F40803D83CD9}.Release|Any CPU.Build.0 = Release|Any CPU
		{1D9F1BAE-3D08-49EA-8567-4FDB9B5A3169}.Debug|Any CPU.ActiveCfg = Debug|Any CPU
		{1D9F1BAE-3D08-49EA-8567-4FDB9B5A3169}.Debug|Any CPU.Build.0 = Debug|Any CPU
		{1D9F1BAE-3D08-49EA-8567-4FDB9B5A3169}.Release|Any CPU.ActiveCfg = Release|Any CPU
		{1D9F1BAE-3D08-49EA-8567-4FDB9B5A3169}.Release|Any CPU.Build.0 = Release|Any CPU
		{BA9E8619-C217-479A-8C82-098EF7DF2FCA}.Debug|Any CPU.ActiveCfg = Debug|Any CPU
		{BA9E8619-C217-479A-8C82-098EF7DF2FCA}.Debug|Any CPU.Build.0 = Debug|Any CPU
		{BA9E8619-C217-479A-8C82-098EF7DF2FCA}.Release|Any CPU.ActiveCfg = Release|Any CPU
		{BA9E8619-C217-479A-8C82-098EF7DF2FCA}.Release|Any CPU.Build.0 = Release|Any CPU
	EndGlobalSection
	GlobalSection(SolutionProperties) = preSolution
		HideSolutionNode = FALSE
	EndGlobalSection
	GlobalSection(ExtensibilityGlobals) = postSolution
		SolutionGuid = {02BFEF9D-3928-41A9-9596-B3C97FEED1E8}
	EndGlobalSection
EndGlobal
