
Microsoft Visual Studio Solution File, Format Version 12.00
# Visual Studio Version 17
VisualStudioVersion = 17.11.35312.102
MinimumVisualStudioVersion = 10.0.40219.1
Project("{9A19103F-16F7-4668-BE54-9A1E7A4F7556}") = "repetititvaricard1", "repetititvaricard1\repetititvaricard1.csproj", "{438F1956-D4E3-45D7-9FD4-523369290FBC}"
EndProject
Project("{9A19103F-16F7-4668-BE54-9A1E7A4F7556}") = "repetititvaricard2", "repetititvaricard2\repetititvaricard2.csproj", "{4C334A8C-F528-481D-9485-7A00798E7773}"
EndProject
Project("{9A19103F-16F7-4668-BE54-9A1E7A4F7556}") = "repetitivaricard3", "repetitivaricard3\repetitivaricard3.csproj", "{E311E141-3899-44CF-AEB0-F40803D83CD9}"
EndProject
Project("{9A19103F-16F7-4668-BE54-9A1E7A4F7556}") = "repetitivaricard9.10", "repetitivaricard9.10\repetitivaricard9.10.csproj", "{1D9F1BAE-3D08-49EA-8567-4FDB9B5A3169}"
EndProject
Project("{9A19103F-16F7-4668-BE54-9A1E7A4F7556}") = "repetitivaricard7", "repetitivaricard7\repetitivaricard7.csproj", "{BA9E8619-C217-479A-8C82-098EF7DF2FCA}"
EndProject
Project("{9A19103F-16F7-4668-BE54-9A1E7A4F7556}") = "repetitivaricard4", "repetitivaricard4\repetitivaricard4.csproj", "{AE68B418-5AAA-4337-82C0-8A3A1CD45345}"
EndProject
Project("{9A19103F-16F7-4668-BE54-9A1E7A4F7556}") = "repetitivaricard5", "repetitivaricard5\repetitivaricard5.csproj", "{C7DE545D-6EED-436A-A850-0B0ED232B1E5}"
EndProject
Project("{9A19103F-16F7-4668-BE54-9A1E7A4F7556}") = "repetitivaricard6", "repetitivaricard6\repetitivaricard6.csproj", "{E84A7405-DDA8-4C48-B622-F0C283352764}"
EndProject
Project("{9A19103F-16F7-4668-BE54-9A1E7A4F7556}") = "repetitivaricard8", "repetitivaricard8\repetitivaricard8.csproj", "{4BFA5BD4-7EB0-4107-8D4F-E4F2AAB250EF}"
EndProject
Project("{9A19103F-16F7-4668-BE54-9A1E7A4F7556}") = "repetitivaricard9", "repetitivaricard9\repetitivaricard9.csproj", "{F61B3F2B-F1AF-4DFF-95EB-95AA774F9837}"
EndProject
Project("{9A19103F-16F7-4668-BE54-9A1E7A4F7556}") = "repetitivaricard9.11", "repetitivaricard9.11\repetitivaricard9.11.csproj", "{AF3F66A6-5526-4C58-8E31-FDB7042A55F1}"
EndProject
Project("{9A19103F-16F7-4668-BE54-9A1E7A4F7556}") = "repetitivaricard9.12", "repetitivaricard9.12\repetitivaricard9.12.csproj", "{74CC0E16-3161-4D45-B341-DF34C2243116}"
EndProject
Project("{9A19103F-16F7-4668-BE54-9A1E7A4F7556}") = "repetitivaricard9.13", "repetitivaricard9.13\repetitivaricard9.13.csproj", "{F41AEAC0-7C26-489C-9537-ADEA2E60112C}"
EndProject
Project("{FAE04EC0-301F-11D3-BF4B-00C04F79EFBC}") = "repetitivaricard9.14", "repetitivaricard9.14\repetitivaricard9.14.csproj", "{8C7C77DC-633A-4A2B-9A67-29BB8C6F95A9}"
EndProject
Project("{FAE04EC0-301F-11D3-BF4B-00C04F79EFBC}") = "repetitivaricard9.15", "repetitivaricard9.15\repetitivaricard9.15.csproj", "{1C74AE6C-4B69-48BB-B42A-4844339CA02C}"
EndProject
Project("{FAE04EC0-301F-11D3-BF4B-00C04F79EFBC}") = "repetitivaricard9.16", "repetitivaricard9.16\repetitivaricard9.16.csproj", "{86B52565-3B4B-4BC7-8C48-C87AC4AC1217}"
EndProject
Global
	GlobalSection(SolutionConfigurationPlatforms) = preSolution
		Debug|Any CPU = Debug|Any CPU
		Release|Any CPU = Release|Any CPU
	EndGlobalSection
	GlobalSection(ProjectConfigurationPlatforms) = postSolution
		{438F1956-D4E3-45D7-9FD4-523369290FBC}.Debug|Any CPU.ActiveCfg = Debug|Any CPU
		{438F1956-D4E3-45D7-9FD4-523369290FBC}.Debug|Any CPU.Build.0 = Debug|Any CPU
		{438F1956-D4E3-45D7-9FD4-523369290FBC}.Release|Any CPU.ActiveCfg = Release|Any CPU
		{438F1956-D4E3-45D7-9FD4-523369290FBC}.Release|Any CPU.Build.0 = Release|Any CPU
		{4C334A8C-F528-481D-9485-7A00798E7773}.Debug|Any CPU.ActiveCfg = Debug|Any CPU
		{4C334A8C-F528-481D-9485-7A00798E7773}.Debug|Any CPU.Build.0 = Debug|Any CPU
		{4C334A8C-F528-481D-9485-7A00798E7773}.Release|Any CPU.ActiveCfg = Release|Any CPU
		{4C334A8C-F528-481D-9485-7A00798E7773}.Release|Any CPU.Build.0 = Release|Any CPU
		{E311E141-3899-44CF-AEB0-F40803D83CD9}.Debug|Any CPU.ActiveCfg = Debug|Any CPU
		{E311E141-3899-44CF-AEB0-F40803D83CD9}.Debug|Any CPU.Build.0 = Debug|Any CPU
		{E311E141-3899-44CF-AEB0-F40803D83CD9}.Release|Any CPU.ActiveCfg = Release|Any CPU
		{E311E141-3899-44CF-AEB0-F40803D83CD9}.Release|Any CPU.Build.0 = Release|Any CPU
		{1D9F1BAE-3D08-49EA-8567-4FDB9B5A3169}.Debug|Any CPU.ActiveCfg = Debug|Any CPU
		{1D9F1BAE-3D08-49EA-8567-4FDB9B5A3169}.Debug|Any CPU.Build.0 = Debug|Any CPU
		{1D9F1BAE-3D08-49EA-8567-4FDB9B5A3169}.Release|Any CPU.ActiveCfg = Release|Any CPU
		{1D9F1BAE-3D08-49EA-8567-4FDB9B5A3169}.Release|Any CPU.Build.0 = Release|Any CPU
		{BA9E8619-C217-479A-8C82-098EF7DF2FCA}.Debug|Any CPU.ActiveCfg = Debug|Any CPU
		{BA9E8619-C217-479A-8C82-098EF7DF2FCA}.Debug|Any CPU.Build.0 = Debug|Any CPU
		{BA9E8619-C217-479A-8C82-098EF7DF2FCA}.Release|Any CPU.ActiveCfg = Release|Any CPU
		{BA9E8619-C217-479A-8C82-098EF7DF2FCA}.Release|Any CPU.Build.0 = Release|Any CPU
		{AE68B418-5AAA-4337-82C0-8A3A1CD45345}.Debug|Any CPU.ActiveCfg = Debug|Any CPU
		{AE68B418-5AAA-4337-82C0-8A3A1CD45345}.Debug|Any CPU.Build.0 = Debug|Any CPU
		{AE68B418-5AAA-4337-82C0-8A3A1CD45345}.Release|Any CPU.ActiveCfg = Release|Any CPU
		{AE68B418-5AAA-4337-82C0-8A3A1CD45345}.Release|Any CPU.Build.0 = Release|Any CPU
		{C7DE545D-6EED-436A-A850-0B0ED232B1E5}.Debug|Any CPU.ActiveCfg = Debug|Any CPU
		{C7DE545D-6EED-436A-A850-0B0ED232B1E5}.Debug|Any CPU.Build.0 = Debug|Any CPU
		{C7DE545D-6EED-436A-A850-0B0ED232B1E5}.Release|Any CPU.ActiveCfg = Release|Any CPU
		{C7DE545D-6EED-436A-A850-0B0ED232B1E5}.Release|Any CPU.Build.0 = Release|Any CPU
		{E84A7405-DDA8-4C48-B622-F0C283352764}.Debug|Any CPU.ActiveCfg = Debug|Any CPU
		{E84A7405-DDA8-4C48-B622-F0C283352764}.Debug|Any CPU.Build.0 = Debug|Any CPU
		{E84A7405-DDA8-4C48-B622-F0C283352764}.Release|Any CPU.ActiveCfg = Release|Any CPU
		{E84A7405-DDA8-4C48-B622-F0C283352764}.Release|Any CPU.Build.0 = Release|Any CPU
		{4BFA5BD4-7EB0-4107-8D4F-E4F2AAB250EF}.Debug|Any CPU.ActiveCfg = Debug|Any CPU
		{4BFA5BD4-7EB0-4107-8D4F-E4F2AAB250EF}.Debug|Any CPU.Build.0 = Debug|Any CPU
		{4BFA5BD4-7EB0-4107-8D4F-E4F2AAB250EF}.Release|Any CPU.ActiveCfg = Release|Any CPU
		{4BFA5BD4-7EB0-4107-8D4F-E4F2AAB250EF}.Release|Any CPU.Build.0 = Release|Any CPU
		{F61B3F2B-F1AF-4DFF-95EB-95AA774F9837}.Debug|Any CPU.ActiveCfg = Debug|Any CPU
		{F61B3F2B-F1AF-4DFF-95EB-95AA774F9837}.Debug|Any CPU.Build.0 = Debug|Any CPU
		{F61B3F2B-F1AF-4DFF-95EB-95AA774F9837}.Release|Any CPU.ActiveCfg = Release|Any CPU
		{F61B3F2B-F1AF-4DFF-95EB-95AA774F9837}.Release|Any CPU.Build.0 = Release|Any CPU
		{AF3F66A6-5526-4C58-8E31-FDB7042A55F1}.Debug|Any CPU.ActiveCfg = Debug|Any CPU
		{AF3F66A6-5526-4C58-8E31-FDB7042A55F1}.Debug|Any CPU.Build.0 = Debug|Any CPU
		{AF3F66A6-5526-4C58-8E31-FDB7042A55F1}.Release|Any CPU.ActiveCfg = Release|Any CPU
		{AF3F66A6-5526-4C58-8E31-FDB7042A55F1}.Release|Any CPU.Build.0 = Release|Any CPU
		{74CC0E16-3161-4D45-B341-DF34C2243116}.Debug|Any CPU.ActiveCfg = Debug|Any CPU
		{74CC0E16-3161-4D45-B341-DF34C2243116}.Debug|Any CPU.Build.0 = Debug|Any CPU
		{74CC0E16-3161-4D45-B341-DF34C2243116}.Release|Any CPU.ActiveCfg = Release|Any CPU
		{74CC0E16-3161-4D45-B341-DF34C2243116}.Release|Any CPU.Build.0 = Release|Any CPU
		{F41AEAC0-7C26-489C-9537-ADEA2E60112C}.Debug|Any CPU.ActiveCfg = Debug|Any CPU
		{F41AEAC0-7C26-489C-9537-ADEA2E60112C}.Debug|Any CPU.Build.0 = Debug|Any CPU
		{F41AEAC0-7C26-489C-9537-ADEA2E60112C}.Release|Any CPU.ActiveCfg = Release|Any CPU
		{F41AEAC0-7C26-489C-9537-ADEA2E60112C}.Release|Any CPU.Build.0 = Release|Any CPU
		{8C7C77DC-633A-4A2B-9A67-29BB8C6F95A9}.Debug|Any CPU.ActiveCfg = Debug|Any CPU
		{8C7C77DC-633A-4A2B-9A67-29BB8C6F95A9}.Debug|Any CPU.Build.0 = Debug|Any CPU
		{8C7C77DC-633A-4A2B-9A67-29BB8C6F95A9}.Release|Any CPU.ActiveCfg = Release|Any CPU
		{8C7C77DC-633A-4A2B-9A67-29BB8C6F95A9}.Release|Any CPU.Build.0 = Release|Any CPU
		{1C74AE6C-4B69-48BB-B42A-4844339CA02C}.Debug|Any CPU.ActiveCfg = Debug|Any CPU
		{1C74AE6C-4B69-48BB-B42A-4844339CA02C}.Debug|Any CPU.Build.0 = Debug|Any CPU
		{1C74AE6C-4B69-48BB-B42A-4844339CA02C}.Release|Any CPU.ActiveCfg = Release|Any CPU
		{1C74AE6C-4B69-48BB-B42A-4844339CA02C}.Release|Any CPU.Build.0 = Release|Any CPU
		{86B52565-3B4B-4BC7-8C48-C87AC4AC1217}.Debug|Any CPU.ActiveCfg = Debug|Any CPU
		{86B52565-3B4B-4BC7-8C48-C87AC4AC1217}.Debug|Any CPU.Build.0 = Debug|Any CPU
		{86B52565-3B4B-4BC7-8C48-C87AC4AC1217}.Release|Any CPU.ActiveCfg = Release|Any CPU
		{86B52565-3B4B-4BC7-8C48-C87AC4AC1217}.Release|Any CPU.Build.0 = Release|Any CPU
	EndGlobalSection
	GlobalSection(SolutionProperties) = preSolution
		HideSolutionNode = FALSE
	EndGlobalSection
	GlobalSection(ExtensibilityGlobals) = postSolution
		SolutionGuid = {02BFEF9D-3928-41A9-9596-B3C97FEED1E8}
	EndGlobalSection
EndGlobal
